// !$*UTF8*$!
{
	archiveVersion = 1;
	classes = {
	};
	objectVersion = 55;
	objects = {

/* Begin PBXBuildFile section */
		CDC891F0279FCB7000648E99 /* AppDelegate.swift in Sources */ = {isa = PBXBuildFile; fileRef = CDC891EF279FCB7000648E99 /* AppDelegate.swift */; };
		CDC891F2279FCB7000648E99 /* SceneDelegate.swift in Sources */ = {isa = PBXBuildFile; fileRef = CDC891F1279FCB7000648E99 /* SceneDelegate.swift */; };
		CDC891F4279FCB7000648E99 /* ViewController.swift in Sources */ = {isa = PBXBuildFile; fileRef = CDC891F3279FCB7000648E99 /* ViewController.swift */; };
		CDC891F7279FCB7000648E99 /* Main.storyboard in Resources */ = {isa = PBXBuildFile; fileRef = CDC891F5279FCB7000648E99 /* Main.storyboard */; };
		CDC891F9279FCB7200648E99 /* Assets.xcassets in Resources */ = {isa = PBXBuildFile; fileRef = CDC891F8279FCB7200648E99 /* Assets.xcassets */; };
		CDC891FC279FCB7200648E99 /* LaunchScreen.storyboard in Resources */ = {isa = PBXBuildFile; fileRef = CDC891FA279FCB7200648E99 /* LaunchScreen.storyboard */; };
		CDC89207279FCB7200648E99 /* PreWTests.swift in Sources */ = {isa = PBXBuildFile; fileRef = CDC89206279FCB7200648E99 /* PreWTests.swift */; };
		CDC89211279FCB7200648E99 /* PreWUITests.swift in Sources */ = {isa = PBXBuildFile; fileRef = CDC89210279FCB7200648E99 /* PreWUITests.swift */; };
		CDC89213279FCB7200648E99 /* PreWUITestsLaunchTests.swift in Sources */ = {isa = PBXBuildFile; fileRef = CDC89212279FCB7200648E99 /* PreWUITestsLaunchTests.swift */; };
/* End PBXBuildFile section */

/* Begin PBXContainerItemProxy section */
		CDC89203279FCB7200648E99 /* PBXContainerItemProxy */ = {
			isa = PBXContainerItemProxy;
			containerPortal = CDC891E4279FCB7000648E99 /* Project object */;
			proxyType = 1;
			remoteGlobalIDString = CDC891EB279FCB7000648E99;
			remoteInfo = PreW;
		};
		CDC8920D279FCB7200648E99 /* PBXContainerItemProxy */ = {
			isa = PBXContainerItemProxy;
			containerPortal = CDC891E4279FCB7000648E99 /* Project object */;
			proxyType = 1;
			remoteGlobalIDString = CDC891EB279FCB7000648E99;
			remoteInfo = PreW;
		};
/* End PBXContainerItemProxy section */

/* Begin PBXFileReference section */
		CDC891EC279FCB7000648E99 /* PreW.app */ = {isa = PBXFileReference; explicitFileType = wrapper.application; includeInIndex = 0; path = PreW.app; sourceTree = BUILT_PRODUCTS_DIR; };
		CDC891EF279FCB7000648E99 /* AppDelegate.swift */ = {isa = PBXFileReference; lastKnownFileType = sourcecode.swift; path = AppDelegate.swift; sourceTree = "<group>"; };
		CDC891F1279FCB7000648E99 /* SceneDelegate.swift */ = {isa = PBXFileReference; lastKnownFileType = sourcecode.swift; path = SceneDelegate.swift; sourceTree = "<group>"; };
		CDC891F3279FCB7000648E99 /* ViewController.swift */ = {isa = PBXFileReference; lastKnownFileType = sourcecode.swift; path = ViewController.swift; sourceTree = "<group>"; };
		CDC891F6279FCB7000648E99 /* Base */ = {isa = PBXFileReference; lastKnownFileType = file.storyboard; name = Base; path = Base.lproj/Main.storyboard; sourceTree = "<group>"; };
		CDC891F8279FCB7200648E99 /* Assets.xcassets */ = {isa = PBXFileReference; lastKnownFileType = folder.assetcatalog; path = Assets.xcassets; sourceTree = "<group>"; };
		CDC891FB279FCB7200648E99 /* Base */ = {isa = PBXFileReference; lastKnownFileType = file.storyboard; name = Base; path = Base.lproj/LaunchScreen.storyboard; sourceTree = "<group>"; };
		CDC891FD279FCB7200648E99 /* Info.plist */ = {isa = PBXFileReference; lastKnownFileType = text.plist.xml; path = Info.plist; sourceTree = "<group>"; };
		CDC89202279FCB7200648E99 /* PreWTests.xctest */ = {isa = PBXFileReference; explicitFileType = wrapper.cfbundle; includeInIndex = 0; path = PreWTests.xctest; sourceTree = BUILT_PRODUCTS_DIR; };
		CDC89206279FCB7200648E99 /* PreWTests.swift */ = {isa = PBXFileReference; lastKnownFileType = sourcecode.swift; path = PreWTests.swift; sourceTree = "<group>"; };
		CDC8920C279FCB7200648E99 /* PreWUITests.xctest */ = {isa = PBXFileReference; explicitFileType = wrapper.cfbundle; includeInIndex = 0; path = PreWUITests.xctest; sourceTree = BUILT_PRODUCTS_DIR; };
		CDC89210279FCB7200648E99 /* PreWUITests.swift */ = {isa = PBXFileReference; lastKnownFileType = sourcecode.swift; path = PreWUITests.swift; sourceTree = "<group>"; };
		CDC89212279FCB7200648E99 /* PreWUITestsLaunchTests.swift */ = {isa = PBXFileReference; lastKnownFileType = sourcecode.swift; path = PreWUITestsLaunchTests.swift; sourceTree = "<group>"; };
/* End PBXFileReference section */

/* Begin PBXFrameworksBuildPhase section */
		CDC891E9279FCB7000648E99 /* Frameworks */ = {
			isa = PBXFrameworksBuildPhase;
			buildActionMask = 2147483647;
			files = (
			);
			runOnlyForDeploymentPostprocessing = 0;
		};
		CDC891FF279FCB7200648E99 /* Frameworks */ = {
			isa = PBXFrameworksBuildPhase;
			buildActionMask = 2147483647;
			files = (
			);
			runOnlyForDeploymentPostprocessing = 0;
		};
		CDC89209279FCB7200648E99 /* Frameworks */ = {
			isa = PBXFrameworksBuildPhase;
			buildActionMask = 2147483647;
			files = (
			);
			runOnlyForDeploymentPostprocessing = 0;
		};
/* End PBXFrameworksBuildPhase section */

/* Begin PBXGroup section */
		CDC891E3279FCB7000648E99 = {
			isa = PBXGroup;
			children = (
				CDC891EE279FCB7000648E99 /* PreW */,
				CDC89205279FCB7200648E99 /* PreWTests */,
				CDC8920F279FCB7200648E99 /* PreWUITests */,
				CDC891ED279FCB7000648E99 /* Products */,
			);
			sourceTree = "<group>";
		};
		CDC891ED279FCB7000648E99 /* Products */ = {
			isa = PBXGroup;
			children = (
				CDC891EC279FCB7000648E99 /* PreW.app */,
				CDC89202279FCB7200648E99 /* PreWTests.xctest */,
				CDC8920C279FCB7200648E99 /* PreWUITests.xctest */,
			);
			name = Products;
			sourceTree = "<group>";
		};
		CDC891EE279FCB7000648E99 /* PreW */ = {
			isa = PBXGroup;
			children = (
				CDC891EF279FCB7000648E99 /* AppDelegate.swift */,
				CDC891F1279FCB7000648E99 /* SceneDelegate.swift */,
				CDC891F3279FCB7000648E99 /* ViewController.swift */,
				CDC891F5279FCB7000648E99 /* Main.storyboard */,
				CDC891F8279FCB7200648E99 /* Assets.xcassets */,
				CDC891FA279FCB7200648E99 /* LaunchScreen.storyboard */,
				CDC891FD279FCB7200648E99 /* Info.plist */,
			);
			path = PreW;
			sourceTree = "<group>";
		};
		CDC89205279FCB7200648E99 /* PreWTests */ = {
			isa = PBXGroup;
			children = (
				CDC89206279FCB7200648E99 /* PreWTests.swift */,
			);
			path = PreWTests;
			sourceTree = "<group>";
		};
		CDC8920F279FCB7200648E99 /* PreWUITests */ = {
			isa = PBXGroup;
			children = (
				CDC89210279FCB7200648E99 /* PreWUITests.swift */,
				CDC89212279FCB7200648E99 /* PreWUITestsLaunchTests.swift */,
			);
			path = PreWUITests;
			sourceTree = "<group>";
		};
/* End PBXGroup section */

/* Begin PBXNativeTarget section */
		CDC891EB279FCB7000648E99 /* PreW */ = {
			isa = PBXNativeTarget;
			buildConfigurationList = CDC89216279FCB7200648E99 /* Build configuration list for PBXNativeTarget "PreW" */;
			buildPhases = (
				CDC891E8279FCB7000648E99 /* Sources */,
				CDC891E9279FCB7000648E99 /* Frameworks */,
				CDC891EA279FCB7000648E99 /* Resources */,
			);
			buildRules = (
			);
			dependencies = (
			);
			name = PreW;
			productName = PreW;
			productReference = CDC891EC279FCB7000648E99 /* PreW.app */;
			productType = "com.apple.product-type.application";
		};
		CDC89201279FCB7200648E99 /* PreWTests */ = {
			isa = PBXNativeTarget;
			buildConfigurationList = CDC89219279FCB7200648E99 /* Build configuration list for PBXNativeTarget "PreWTests" */;
			buildPhases = (
				CDC891FE279FCB7200648E99 /* Sources */,
				CDC891FF279FCB7200648E99 /* Frameworks */,
				CDC89200279FCB7200648E99 /* Resources */,
			);
			buildRules = (
			);
			dependencies = (
				CDC89204279FCB7200648E99 /* PBXTargetDependency */,
			);
			name = PreWTests;
			productName = PreWTests;
			productReference = CDC89202279FCB7200648E99 /* PreWTests.xctest */;
			productType = "com.apple.product-type.bundle.unit-test";
		};
		CDC8920B279FCB7200648E99 /* PreWUITests */ = {
			isa = PBXNativeTarget;
			buildConfigurationList = CDC8921C279FCB7200648E99 /* Build configuration list for PBXNativeTarget "PreWUITests" */;
			buildPhases = (
				CDC89208279FCB7200648E99 /* Sources */,
				CDC89209279FCB7200648E99 /* Frameworks */,
				CDC8920A279FCB7200648E99 /* Resources */,
			);
			buildRules = (
			);
			dependencies = (
				CDC8920E279FCB7200648E99 /* PBXTargetDependency */,
			);
			name = PreWUITests;
			productName = PreWUITests;
			productReference = CDC8920C279FCB7200648E99 /* PreWUITests.xctest */;
			productType = "com.apple.product-type.bundle.ui-testing";
		};
/* End PBXNativeTarget section */

/* Begin PBXProject section */
		CDC891E4279FCB7000648E99 /* Project object */ = {
			isa = PBXProject;
			attributes = {
				BuildIndependentTargetsInParallel = 1;
				LastSwiftUpdateCheck = 1320;
				LastUpgradeCheck = 1320;
				TargetAttributes = {
					CDC891EB279FCB7000648E99 = {
						CreatedOnToolsVersion = 13.2.1;
					};
					CDC89201279FCB7200648E99 = {
						CreatedOnToolsVersion = 13.2.1;
						TestTargetID = CDC891EB279FCB7000648E99;
					};
					CDC8920B279FCB7200648E99 = {
						CreatedOnToolsVersion = 13.2.1;
						TestTargetID = CDC891EB279FCB7000648E99;
					};
				};
			};
			buildConfigurationList = CDC891E7279FCB7000648E99 /* Build configuration list for PBXProject "PreW" */;
			compatibilityVersion = "Xcode 13.0";
			developmentRegion = en;
			hasScannedForEncodings = 0;
			knownRegions = (
				en,
				Base,
			);
			mainGroup = CDC891E3279FCB7000648E99;
			productRefGroup = CDC891ED279FCB7000648E99 /* Products */;
			projectDirPath = "";
			projectRoot = "";
			targets = (
				CDC891EB279FCB7000648E99 /* PreW */,
				CDC89201279FCB7200648E99 /* PreWTests */,
				CDC8920B279FCB7200648E99 /* PreWUITests */,
			);
		};
/* End PBXProject section */

/* Begin PBXResourcesBuildPhase section */
		CDC891EA279FCB7000648E99 /* Resources */ = {
			isa = PBXResourcesBuildPhase;
			buildActionMask = 2147483647;
			files = (
				CDC891FC279FCB7200648E99 /* LaunchScreen.storyboard in Resources */,
				CDC891F9279FCB7200648E99 /* Assets.xcassets in Resources */,
				CDC891F7279FCB7000648E99 /* Main.storyboard in Resources */,
			);
			runOnlyForDeploymentPostprocessing = 0;
		};
		CDC89200279FCB7200648E99 /* Resources */ = {
			isa = PBXResourcesBuildPhase;
			buildActionMask = 2147483647;
			files = (
			);
			runOnlyForDeploymentPostprocessing = 0;
		};
		CDC8920A279FCB7200648E99 /* Resources */ = {
			isa = PBXResourcesBuildPhase;
			buildActionMask = 2147483647;
			files = (
			);
			runOnlyForDeploymentPostprocessing = 0;
		};
/* End PBXResourcesBuildPhase section */

/* Begin PBXSourcesBuildPhase section */
		CDC891E8279FCB7000648E99 /* Sources */ = {
			isa = PBXSourcesBuildPhase;
			buildActionMask = 2147483647;
			files = (
				CDC891F4279FCB7000648E99 /* ViewController.swift in Sources */,
				CDC891F0279FCB7000648E99 /* AppDelegate.swift in Sources */,
				CDC891F2279FCB7000648E99 /* SceneDelegate.swift in Sources */,
			);
			runOnlyForDeploymentPostprocessing = 0;
		};
		CDC891FE279FCB7200648E99 /* Sources */ = {
			isa = PBXSourcesBuildPhase;
			buildActionMask = 2147483647;
			files = (
				CDC89207279FCB7200648E99 /* PreWTests.swift in Sources */,
			);
			runOnlyForDeploymentPostprocessing = 0;
		};
		CDC89208279FCB7200648E99 /* Sources */ = {
			isa = PBXSourcesBuildPhase;
			buildActionMask = 2147483647;
			files = (
				CDC89213279FCB7200648E99 /* PreWUITestsLaunchTests.swift in Sources */,
				CDC89211279FCB7200648E99 /* PreWUITests.swift in Sources */,
			);
			runOnlyForDeploymentPostprocessing = 0;
		};
/* End PBXSourcesBuildPhase section */

/* Begin PBXTargetDependency section */
		CDC89204279FCB7200648E99 /* PBXTargetDependency */ = {
			isa = PBXTargetDependency;
			target = CDC891EB279FCB7000648E99 /* PreW */;
			targetProxy = CDC89203279FCB7200648E99 /* PBXContainerItemProxy */;
		};
		CDC8920E279FCB7200648E99 /* PBXTargetDependency */ = {
			isa = PBXTargetDependency;
			target = CDC891EB279FCB7000648E99 /* PreW */;
			targetProxy = CDC8920D279FCB7200648E99 /* PBXContainerItemProxy */;
		};
/* End PBXTargetDependency section */

/* Begin PBXVariantGroup section */
		CDC891F5279FCB7000648E99 /* Main.storyboard */ = {
			isa = PBXVariantGroup;
			children = (
				CDC891F6279FCB7000648E99 /* Base */,
			);
			name = Main.storyboard;
			sourceTree = "<group>";
		};
		CDC891FA279FCB7200648E99 /* LaunchScreen.storyboard */ = {
			isa = PBXVariantGroup;
			children = (
				CDC891FB279FCB7200648E99 /* Base */,
			);
			name = LaunchScreen.storyboard;
			sourceTree = "<group>";
		};
/* End PBXVariantGroup section */

/* Begin XCBuildConfiguration section */
		CDC89214279FCB7200648E99 /* Debug */ = {
			isa = XCBuildConfiguration;
			buildSettings = {
				ALWAYS_SEARCH_USER_PATHS = NO;
				CLANG_ANALYZER_NONNULL = YES;
				CLANG_ANALYZER_NUMBER_OBJECT_CONVERSION = YES_AGGRESSIVE;
				CLANG_CXX_LANGUAGE_STANDARD = "gnu++17";
				CLANG_CXX_LIBRARY = "libc++";
				CLANG_ENABLE_MODULES = YES;
				CLANG_ENABLE_OBJC_ARC = YES;
				CLANG_ENABLE_OBJC_WEAK = YES;
				CLANG_WARN_BLOCK_CAPTURE_AUTORELEASING = YES;
				CLANG_WARN_BOOL_CONVERSION = YES;
				CLANG_WARN_COMMA = YES;
				CLANG_WARN_CONSTANT_CONVERSION = YES;
				CLANG_WARN_DEPRECATED_OBJC_IMPLEMENTATIONS = YES;
				CLANG_WARN_DIRECT_OBJC_ISA_USAGE = YES_ERROR;
				CLANG_WARN_DOCUMENTATION_COMMENTS = YES;
				CLANG_WARN_EMPTY_BODY = YES;
				CLANG_WARN_ENUM_CONVERSION = YES;
				CLANG_WARN_INFINITE_RECURSION = YES;
				CLANG_WARN_INT_CONVERSION = YES;
				CLANG_WARN_NON_LITERAL_NULL_CONVERSION = YES;
				CLANG_WARN_OBJC_IMPLICIT_RETAIN_SELF = YES;
				CLANG_WARN_OBJC_LITERAL_CONVERSION = YES;
				CLANG_WARN_OBJC_ROOT_CLASS = YES_ERROR;
				CLANG_WARN_QUOTED_INCLUDE_IN_FRAMEWORK_HEADER = YES;
				CLANG_WARN_RANGE_LOOP_ANALYSIS = YES;
				CLANG_WARN_STRICT_PROTOTYPES = YES;
				CLANG_WARN_SUSPICIOUS_MOVE = YES;
				CLANG_WARN_UNGUARDED_AVAILABILITY = YES_AGGRESSIVE;
				CLANG_WARN_UNREACHABLE_CODE = YES;
				CLANG_WARN__DUPLICATE_METHOD_MATCH = YES;
				COPY_PHASE_STRIP = NO;
				DEBUG_INFORMATION_FORMAT = dwarf;
				ENABLE_STRICT_OBJC_MSGSEND = YES;
				ENABLE_TESTABILITY = YES;
				GCC_C_LANGUAGE_STANDARD = gnu11;
				GCC_DYNAMIC_NO_PIC = NO;
				GCC_NO_COMMON_BLOCKS = YES;
				GCC_OPTIMIZATION_LEVEL = 0;
				GCC_PREPROCESSOR_DEFINITIONS = (
					"DEBUG=1",
					"$(inherited)",
				);
				GCC_WARN_64_TO_32_BIT_CONVERSION = YES;
				GCC_WARN_ABOUT_RETURN_TYPE = YES_ERROR;
				GCC_WARN_UNDECLARED_SELECTOR = YES;
				GCC_WARN_UNINITIALIZED_AUTOS = YES_AGGRESSIVE;
				GCC_WARN_UNUSED_FUNCTION = YES;
				GCC_WARN_UNUSED_VARIABLE = YES;
				IPHONEOS_DEPLOYMENT_TARGET = 15.2;
				MTL_ENABLE_DEBUG_INFO = INCLUDE_SOURCE;
				MTL_FAST_MATH = YES;
				ONLY_ACTIVE_ARCH = YES;
				SDKROOT = iphoneos;
				SWIFT_ACTIVE_COMPILATION_CONDITIONS = DEBUG;
				SWIFT_OPTIMIZATION_LEVEL = "-Onone";
			};
			name = Debug;
		};
		CDC89215279FCB7200648E99 /* Release */ = {
			isa = XCBuildConfiguration;
			buildSettings = {
				ALWAYS_SEARCH_USER_PATHS = NO;
				CLANG_ANALYZER_NONNULL = YES;
				CLANG_ANALYZER_NUMBER_OBJECT_CONVERSION = YES_AGGRESSIVE;
				CLANG_CXX_LANGUAGE_STANDARD = "gnu++17";
				CLANG_CXX_LIBRARY = "libc++";
				CLANG_ENABLE_MODULES = YES;
				CLANG_ENABLE_OBJC_ARC = YES;
				CLANG_ENABLE_OBJC_WEAK = YES;
				CLANG_WARN_BLOCK_CAPTURE_AUTORELEASING = YES;
				CLANG_WARN_BOOL_CONVERSION = YES;
				CLANG_WARN_COMMA = YES;
				CLANG_WARN_CONSTANT_CONVERSION = YES;
				CLANG_WARN_DEPRECATED_OBJC_IMPLEMENTATIONS = YES;
				CLANG_WARN_DIRECT_OBJC_ISA_USAGE = YES_ERROR;
				CLANG_WARN_DOCUMENTATION_COMMENTS = YES;
				CLANG_WARN_EMPTY_BODY = YES;
				CLANG_WARN_ENUM_CONVERSION = YES;
				CLANG_WARN_INFINITE_RECURSION = YES;
				CLANG_WARN_INT_CONVERSION = YES;
				CLANG_WARN_NON_LITERAL_NULL_CONVERSION = YES;
				CLANG_WARN_OBJC_IMPLICIT_RETAIN_SELF = YES;
				CLANG_WARN_OBJC_LITERAL_CONVERSION = YES;
				CLANG_WARN_OBJC_ROOT_CLASS = YES_ERROR;
				CLANG_WARN_QUOTED_INCLUDE_IN_FRAMEWORK_HEADER = YES;
				CLANG_WARN_RANGE_LOOP_ANALYSIS = YES;
				CLANG_WARN_STRICT_PROTOTYPES = YES;
				CLANG_WARN_SUSPICIOUS_MOVE = YES;
				CLANG_WARN_UNGUARDED_AVAILABILITY = YES_AGGRESSIVE;
				CLANG_WARN_UNREACHABLE_CODE = YES;
				CLANG_WARN__DUPLICATE_METHOD_MATCH = YES;
				COPY_PHASE_STRIP = NO;
				DEBUG_INFORMATION_FORMAT = "dwarf-with-dsym";
				ENABLE_NS_ASSERTIONS = NO;
				ENABLE_STRICT_OBJC_MSGSEND = YES;
				GCC_C_LANGUAGE_STANDARD = gnu11;
				GCC_NO_COMMON_BLOCKS = YES;
				GCC_WARN_64_TO_32_BIT_CONVERSION = YES;
				GCC_WARN_ABOUT_RETURN_TYPE = YES_ERROR;
				GCC_WARN_UNDECLARED_SELECTOR = YES;
				GCC_WARN_UNINITIALIZED_AUTOS = YES_AGGRESSIVE;
				GCC_WARN_UNUSED_FUNCTION = YES;
				GCC_WARN_UNUSED_VARIABLE = YES;
				IPHONEOS_DEPLOYMENT_TARGET = 15.2;
				MTL_ENABLE_DEBUG_INFO = NO;
				MTL_FAST_MATH = YES;
				SDKROOT = iphoneos;
				SWIFT_COMPILATION_MODE = wholemodule;
				SWIFT_OPTIMIZATION_LEVEL = "-O";
				VALIDATE_PRODUCT = YES;
			};
			name = Release;
		};
		CDC89217279FCB7200648E99 /* Debug */ = {
			isa = XCBuildConfiguration;
			buildSettings = {
				ASSETCATALOG_COMPILER_APPICON_NAME = AppIcon;
				ASSETCATALOG_COMPILER_GLOBAL_ACCENT_COLOR_NAME = AccentColor;
				CODE_SIGN_STYLE = Automatic;
				CURRENT_PROJECT_VERSION = 1;
				GENERATE_INFOPLIST_FILE = YES;
				INFOPLIST_FILE = PreW/Info.plist;
				INFOPLIST_KEY_UIApplicationSupportsIndirectInputEvents = YES;
				INFOPLIST_KEY_UILaunchStoryboardName = LaunchScreen;
				INFOPLIST_KEY_UIMainStoryboardFile = Main;
				INFOPLIST_KEY_UISupportedInterfaceOrientations_iPad = "UIInterfaceOrientationPortrait UIInterfaceOrientationPortraitUpsideDown UIInterfaceOrientationLandscapeLeft UIInterfaceOrientationLandscapeRight";
				INFOPLIST_KEY_UISupportedInterfaceOrientations_iPhone = "UIInterfaceOrientationPortrait UIInterfaceOrientationLandscapeLeft UIInterfaceOrientationLandscapeRight";
				IPHONEOS_DEPLOYMENT_TARGET = 15.0;
				LD_RUNPATH_SEARCH_PATHS = (
					"$(inherited)",
					"@executable_path/Frameworks",
				);
				MARKETING_VERSION = 1.0;
				PRODUCT_BUNDLE_IDENTIFIER = memo.com.PreW;
				PRODUCT_NAME = "$(TARGET_NAME)";
				SWIFT_EMIT_LOC_STRINGS = YES;
				SWIFT_VERSION = 5.0;
				TARGETED_DEVICE_FAMILY = "1,2";
			};
			name = Debug;
		};
		CDC89218279FCB7200648E99 /* Release */ = {
			isa = XCBuildConfiguration;
			buildSettings = {
				ASSETCATALOG_COMPILER_APPICON_NAME = AppIcon;
				ASSETCATALOG_COMPILER_GLOBAL_ACCENT_COLOR_NAME = AccentColor;
				CODE_SIGN_STYLE = Automatic;
				CURRENT_PROJECT_VERSION = 1;
				GENERATE_INFOPLIST_FILE = YES;
				INFOPLIST_FILE = PreW/Info.plist;
				INFOPLIST_KEY_UIApplicationSupportsIndirectInputEvents = YES;
				INFOPLIST_KEY_UILaunchStoryboardName = LaunchScreen;
				INFOPLIST_KEY_UIMainStoryboardFile = Main;
				INFOPLIST_KEY_UISupportedInterfaceOrientations_iPad = "UIInterfaceOrientationPortrait UIInterfaceOrientationPortraitUpsideDown UIInterfaceOrientationLandscapeLeft UIInterfaceOrientationLandscapeRight";
				INFOPLIST_KEY_UISupportedInterfaceOrientations_iPhone = "UIInterfaceOrientationPortrait UIInterfaceOrientationLandscapeLeft UIInterfaceOrientationLandscapeRight";
				IPHONEOS_DEPLOYMENT_TARGET = 15.0;
				LD_RUNPATH_SEARCH_PATHS = (
					"$(inherited)",
					"@executable_path/Frameworks",
				);
				MARKETING_VERSION = 1.0;
				PRODUCT_BUNDLE_IDENTIFIER = memo.com.PreW;
				PRODUCT_NAME = "$(TARGET_NAME)";
				SWIFT_EMIT_LOC_STRINGS = YES;
				SWIFT_VERSION = 5.0;
				TARGETED_DEVICE_FAMILY = "1,2";
			};
			name = Release;
		};
		CDC8921A279FCB7200648E99 /* Debug */ = {
			isa = XCBuildConfiguration;
			buildSettings = {
				ALWAYS_EMBED_SWIFT_STANDARD_LIBRARIES = YES;
				BUNDLE_LOADER = "$(TEST_HOST)";
				CODE_SIGN_STYLE = Automatic;
				CURRENT_PROJECT_VERSION = 1;
				GENERATE_INFOPLIST_FILE = YES;
				IPHONEOS_DEPLOYMENT_TARGET = 15.2;
				MARKETING_VERSION = 1.0;
				PRODUCT_BUNDLE_IDENTIFIER = memo.com.PreWTests;
				PRODUCT_NAME = "$(TARGET_NAME)";
				SWIFT_EMIT_LOC_STRINGS = NO;
				SWIFT_VERSION = 5.0;
				TARGETED_DEVICE_FAMILY = "1,2";
				TEST_HOST = "$(BUILT_PRODUCTS_DIR)/PreW.app/PreW";
			};
			name = Debug;
		};
		CDC8921B279FCB7200648E99 /* Release */ = {
			isa = XCBuildConfiguration;
			buildSettings = {
				ALWAYS_EMBED_SWIFT_STANDARD_LIBRARIES = YES;
				BUNDLE_LOADER = "$(TEST_HOST)";
				CODE_SIGN_STYLE = Automatic;
				CURRENT_PROJECT_VERSION = 1;
				GENERATE_INFOPLIST_FILE = YES;
				IPHONEOS_DEPLOYMENT_TARGET = 15.2;
				MARKETING_VERSION = 1.0;
				PRODUCT_BUNDLE_IDENTIFIER = memo.com.PreWTests;
				PRODUCT_NAME = "$(TARGET_NAME)";
				SWIFT_EMIT_LOC_STRINGS = NO;
				SWIFT_VERSION = 5.0;
				TARGETED_DEVICE_FAMILY = "1,2";
				TEST_HOST = "$(BUILT_PRODUCTS_DIR)/PreW.app/PreW";
			};
			name = Release;
		};
		CDC8921D279FCB7200648E99 /* Debug */ = {
			isa = XCBuildConfiguration;
			buildSettings = {
				ALWAYS_EMBED_SWIFT_STANDARD_LIBRARIES = YES;
				CODE_SIGN_STYLE = Automatic;
				CURRENT_PROJECT_VERSION = 1;
				GENERATE_INFOPLIST_FILE = YES;
				MARKETING_VERSION = 1.0;
				PRODUCT_BUNDLE_IDENTIFIER = memo.com.PreWUITests;
				PRODUCT_NAME = "$(TARGET_NAME)";
				SWIFT_EMIT_LOC_STRINGS = NO;
				SWIFT_VERSION = 5.0;
				TARGETED_DEVICE_FAMILY = "1,2";
				TEST_TARGET_NAME = PreW;
			};
			name = Debug;
		};
		CDC8921E279FCB7200648E99 /* Release */ = {
			isa = XCBuildConfiguration;
			buildSettings = {
				ALWAYS_EMBED_SWIFT_STANDARD_LIBRARIES = YES;
				CODE_SIGN_STYLE = Automatic;
				CURRENT_PROJECT_VERSION = 1;
				GENERATE_INFOPLIST_FILE = YES;
				MARKETING_VERSION = 1.0;
				PRODUCT_BUNDLE_IDENTIFIER = memo.com.PreWUITests;
				PRODUCT_NAME = "$(TARGET_NAME)";
				SWIFT_EMIT_LOC_STRINGS = NO;
				SWIFT_VERSION = 5.0;
				TARGETED_DEVICE_FAMILY = "1,2";
				TEST_TARGET_NAME = PreW;
			};
			name = Release;
		};
/* End XCBuildConfiguration section */

/* Begin XCConfigurationList section */
		CDC891E7279FCB7000648E99 /* Build configuration list for PBXProject "PreW" */ = {
			isa = XCConfigurationList;
			buildConfigurations = (
				CDC89214279FCB7200648E99 /* Debug */,
				CDC89215279FCB7200648E99 /* Release */,
			);
			defaultConfigurationIsVisible = 0;
			defaultConfigurationName = Release;
		};
		CDC89216279FCB7200648E99 /* Build configuration list for PBXNativeTarget "PreW" */ = {
			isa = XCConfigurationList;
			buildConfigurations = (
				CDC89217279FCB7200648E99 /* Debug */,
				CDC89218279FCB7200648E99 /* Release */,
			);
			defaultConfigurationIsVisible = 0;
			defaultConfigurationName = Release;
		};
		CDC89219279FCB7200648E99 /* Build configuration list for PBXNativeTarget "PreWTests" */ = {
			isa = XCConfigurationList;
			buildConfigurations = (
				CDC8921A279FCB7200648E99 /* Debug */,
				CDC8921B279FCB7200648E99 /* Release */,
			);
			defaultConfigurationIsVisible = 0;
			defaultConfigurationName = Release;
		};
		CDC8921C279FCB7200648E99 /* Build configuration list for PBXNativeTarget "PreWUITests" */ = {
			isa = XCConfigurationList;
			buildConfigurations = (
				CDC8921D279FCB7200648E99 /* Debug */,
				CDC8921E279FCB7200648E99 /* Release */,
			);
			defaultConfigurationIsVisible = 0;
			defaultConfigurationName = Release;
		};
/* End XCConfigurationList section */
	};
	rootObject = CDC891E4279FCB7000648E99 /* Project object */;
}
